
Microsoft Visual Studio Solution File, Format Version 12.00
# Visual Studio Version 17
VisualStudioVersion = 17.5.002.0
MinimumVisualStudioVersion = 10.0.40219.1
Project("{9A19103F-16F7-4668-BE54-9A1E7A4F7556}") = "dot-net-first-project", "dot-net-first-project.csproj", "{E3622917-E8A3-4E92-8847-BF0F2BF744FA}"
EndProject
Global
	GlobalSection(SolutionConfigurationPlatforms) = preSolution
		Debug|Any CPU = Debug|Any CPU
		Release|Any CPU = Release|Any CPU
	EndGlobalSection
	GlobalSection(ProjectConfigurationPlatforms) = postSolution
		{E3622917-E8A3-4E92-8847-BF0F2BF744FA}.Debug|Any CPU.ActiveCfg = Debug|Any CPU
		{E3622917-E8A3-4E92-8847-BF0F2BF744FA}.Debug|Any CPU.Build.0 = Debug|Any CPU
		{E3622917-E8A3-4E92-8847-BF0F2BF744FA}.Release|Any CPU.ActiveCfg = Release|Any CPU
		{E3622917-E8A3-4E92-8847-BF0F2BF744FA}.Release|Any CPU.Build.0 = Release|Any CPU
	EndGlobalSection
	GlobalSection(SolutionProperties) = preSolution
		HideSolutionNode = FALSE
	EndGlobalSection
	GlobalSection(ExtensibilityGlobals) = postSolution
		SolutionGuid = {2C82783A-E52C-4B61-905F-B2E61F7BBEB2}
	EndGlobalSection
EndGlobal
